
Microsoft Visual Studio Solution File, Format Version 12.00
# Visual Studio 2012
Project("{FAE04EC0-301F-11D3-BF4B-00C04F79EFBC}") = "Week1CodeChallenege", "Week1CodeChallenege\Week1CodeChallenege.csproj", "{D52A2B46-2C04-47F3-87D3-6D6FACADEE4C}"
EndProject
Global
	GlobalSection(SolutionConfigurationPlatforms) = preSolution
		Debug|Any CPU = Debug|Any CPU
		Release|Any CPU = Release|Any CPU
	EndGlobalSection
	GlobalSection(ProjectConfigurationPlatforms) = postSolution
		{D52A2B46-2C04-47F3-87D3-6D6FACADEE4C}.Debug|Any CPU.ActiveCfg = Debug|Any CPU
		{D52A2B46-2C04-47F3-87D3-6D6FACADEE4C}.Debug|Any CPU.Build.0 = Debug|Any CPU
		{D52A2B46-2C04-47F3-87D3-6D6FACADEE4C}.Release|Any CPU.ActiveCfg = Release|Any CPU
		{D52A2B46-2C04-47F3-87D3-6D6FACADEE4C}.Release|Any CPU.Build.0 = Release|Any CPU
	EndGlobalSection
	GlobalSection(SolutionProperties) = preSolution
		HideSolutionNode = FALSE
	EndGlobalSection
EndGlobal
